// !$*UTF8*$!
{
	archiveVersion = 1;
	classes = {
	};
	objectVersion = 50;
	objects = {

/* Begin PBXBuildFile section */
		612D8D2222E39F6800F419AF /* MNISTClassifier.mlmodel in Sources */ = {isa = PBXBuildFile; fileRef = 612D8D2122E39F6800F419AF /* MNISTClassifier.mlmodel */; };
		61337EB722B0217700A34C77 /* SurfaceNode.swift in Sources */ = {isa = PBXBuildFile; fileRef = 61337EB622B0217700A34C77 /* SurfaceNode.swift */; };
		6134919E22401E0500D4BF57 /* AppDelegate.swift in Sources */ = {isa = PBXBuildFile; fileRef = 6134919D22401E0500D4BF57 /* AppDelegate.swift */; };
		613491A022401E0500D4BF57 /* ViewController.swift in Sources */ = {isa = PBXBuildFile; fileRef = 6134919F22401E0500D4BF57 /* ViewController.swift */; };
		613491A322401E0500D4BF57 /* Main.storyboard in Resources */ = {isa = PBXBuildFile; fileRef = 613491A122401E0500D4BF57 /* Main.storyboard */; };
		613491A522401E0900D4BF57 /* Assets.xcassets in Resources */ = {isa = PBXBuildFile; fileRef = 613491A422401E0900D4BF57 /* Assets.xcassets */; };
		613491A822401E0900D4BF57 /* LaunchScreen.storyboard in Resources */ = {isa = PBXBuildFile; fileRef = 613491A622401E0900D4BF57 /* LaunchScreen.storyboard */; };
		613491B022401FC700D4BF57 /* CGImagePropertyOrientation.swift in Sources */ = {isa = PBXBuildFile; fileRef = 613491AF22401FC700D4BF57 /* CGImagePropertyOrientation.swift */; };
		613491B2224021D800D4BF57 /* numbers.mlmodel in Sources */ = {isa = PBXBuildFile; fileRef = 613491B1224021D800D4BF57 /* numbers.mlmodel */; };
		613B542D22AC0CEC00177176 /* RectangleNode.swift in Sources */ = {isa = PBXBuildFile; fileRef = 613B542C22AC0CEC00177176 /* RectangleNode.swift */; };
		613B543422AC0DE000177176 /* UIView+Extensions.swift in Sources */ = {isa = PBXBuildFile; fileRef = 613B543122AC0DE000177176 /* UIView+Extensions.swift */; };
		613B543522AC0DE000177176 /* Collection+Extensions.swift in Sources */ = {isa = PBXBuildFile; fileRef = 613B543222AC0DE000177176 /* Collection+Extensions.swift */; };
		613B543622AC0DE000177176 /* SCNVector3+Extensions.swift in Sources */ = {isa = PBXBuildFile; fileRef = 613B543322AC0DE000177176 /* SCNVector3+Extensions.swift */; };
		613B543822AC0E0D00177176 /* ARHitTestResult+Extensions.swift in Sources */ = {isa = PBXBuildFile; fileRef = 613B543722AC0E0D00177176 /* ARHitTestResult+Extensions.swift */; };
		6197FD1222DE5B7C00672072 /* keras_mnist_cnn.mlmodel in Sources */ = {isa = PBXBuildFile; fileRef = 6197FD1122DE5B7B00672072 /* keras_mnist_cnn.mlmodel */; };
		61BF945322E78F2300EE634E /* CcLabel.swift in Sources */ = {isa = PBXBuildFile; fileRef = 61BF945222E78F2200EE634E /* CcLabel.swift */; };
		61EC9E9F22AD7C6200EF40D5 /* PlaneRectangle.swift in Sources */ = {isa = PBXBuildFile; fileRef = 61EC9E9E22AD7C6200EF40D5 /* PlaneRectangle.swift */; };
/* End PBXBuildFile section */

/* Begin PBXFileReference section */
		612D8D2122E39F6800F419AF /* MNISTClassifier.mlmodel */ = {isa = PBXFileReference; lastKnownFileType = file.mlmodel; path = MNISTClassifier.mlmodel; sourceTree = "<group>"; };
		61337EB622B0217700A34C77 /* SurfaceNode.swift */ = {isa = PBXFileReference; fileEncoding = 4; lastKnownFileType = sourcecode.swift; path = SurfaceNode.swift; sourceTree = "<group>"; };
		6134919A22401E0500D4BF57 /* KDSudoku.app */ = {isa = PBXFileReference; explicitFileType = wrapper.application; includeInIndex = 0; path = KDSudoku.app; sourceTree = BUILT_PRODUCTS_DIR; };
		6134919D22401E0500D4BF57 /* AppDelegate.swift */ = {isa = PBXFileReference; lastKnownFileType = sourcecode.swift; path = AppDelegate.swift; sourceTree = "<group>"; };
		6134919F22401E0500D4BF57 /* ViewController.swift */ = {isa = PBXFileReference; lastKnownFileType = sourcecode.swift; path = ViewController.swift; sourceTree = "<group>"; };
		613491A222401E0500D4BF57 /* Base */ = {isa = PBXFileReference; lastKnownFileType = file.storyboard; name = Base; path = Base.lproj/Main.storyboard; sourceTree = "<group>"; };
		613491A422401E0900D4BF57 /* Assets.xcassets */ = {isa = PBXFileReference; lastKnownFileType = folder.assetcatalog; path = Assets.xcassets; sourceTree = "<group>"; };
		613491A722401E0900D4BF57 /* Base */ = {isa = PBXFileReference; lastKnownFileType = file.storyboard; name = Base; path = Base.lproj/LaunchScreen.storyboard; sourceTree = "<group>"; };
		613491A922401E0900D4BF57 /* Info.plist */ = {isa = PBXFileReference; lastKnownFileType = text.plist.xml; path = Info.plist; sourceTree = "<group>"; };
		613491AF22401FC700D4BF57 /* CGImagePropertyOrientation.swift */ = {isa = PBXFileReference; lastKnownFileType = sourcecode.swift; path = CGImagePropertyOrientation.swift; sourceTree = "<group>"; };
		613491B1224021D800D4BF57 /* numbers.mlmodel */ = {isa = PBXFileReference; lastKnownFileType = file.mlmodel; path = numbers.mlmodel; sourceTree = "<group>"; };
		613B542C22AC0CEC00177176 /* RectangleNode.swift */ = {isa = PBXFileReference; fileEncoding = 4; lastKnownFileType = sourcecode.swift; path = RectangleNode.swift; sourceTree = "<group>"; };
		613B543122AC0DE000177176 /* UIView+Extensions.swift */ = {isa = PBXFileReference; fileEncoding = 4; lastKnownFileType = sourcecode.swift; path = "UIView+Extensions.swift"; sourceTree = "<group>"; };
		613B543222AC0DE000177176 /* Collection+Extensions.swift */ = {isa = PBXFileReference; fileEncoding = 4; lastKnownFileType = sourcecode.swift; path = "Collection+Extensions.swift"; sourceTree = "<group>"; };
		613B543322AC0DE000177176 /* SCNVector3+Extensions.swift */ = {isa = PBXFileReference; fileEncoding = 4; lastKnownFileType = sourcecode.swift; path = "SCNVector3+Extensions.swift"; sourceTree = "<group>"; };
		613B543722AC0E0D00177176 /* ARHitTestResult+Extensions.swift */ = {isa = PBXFileReference; fileEncoding = 4; lastKnownFileType = sourcecode.swift; path = "ARHitTestResult+Extensions.swift"; sourceTree = "<group>"; };
		6197FD1122DE5B7B00672072 /* keras_mnist_cnn.mlmodel */ = {isa = PBXFileReference; lastKnownFileType = file.mlmodel; path = keras_mnist_cnn.mlmodel; sourceTree = "<group>"; };
		61BF945222E78F2200EE634E /* CcLabel.swift */ = {isa = PBXFileReference; fileEncoding = 4; lastKnownFileType = sourcecode.swift; path = CcLabel.swift; sourceTree = "<group>"; };
		61EC9E9E22AD7C6200EF40D5 /* PlaneRectangle.swift */ = {isa = PBXFileReference; fileEncoding = 4; lastKnownFileType = sourcecode.swift; path = PlaneRectangle.swift; sourceTree = "<group>"; };
/* End PBXFileReference section */

/* Begin PBXFrameworksBuildPhase section */
		6134919722401E0500D4BF57 /* Frameworks */ = {
			isa = PBXFrameworksBuildPhase;
			buildActionMask = 2147483647;
			files = (
			);
			runOnlyForDeploymentPostprocessing = 0;
		};
/* End PBXFrameworksBuildPhase section */

/* Begin PBXGroup section */
		6134919122401E0500D4BF57 = {
			isa = PBXGroup;
			children = (
				6134919C22401E0500D4BF57 /* KDSudoku */,
				6134919B22401E0500D4BF57 /* Products */,
			);
			sourceTree = "<group>";
		};
		6134919B22401E0500D4BF57 /* Products */ = {
			isa = PBXGroup;
			children = (
				6134919A22401E0500D4BF57 /* KDSudoku.app */,
			);
			name = Products;
			sourceTree = "<group>";
		};
		6134919C22401E0500D4BF57 /* KDSudoku */ = {
			isa = PBXGroup;
			children = (
				613B543022AC0DB000177176 /* Extensions + Utilities */,
				613491B1224021D800D4BF57 /* numbers.mlmodel */,
				6197FD1122DE5B7B00672072 /* keras_mnist_cnn.mlmodel */,
				6134919D22401E0500D4BF57 /* AppDelegate.swift */,
				6134919F22401E0500D4BF57 /* ViewController.swift */,
				61BF945222E78F2200EE634E /* CcLabel.swift */,
				612D8D2122E39F6800F419AF /* MNISTClassifier.mlmodel */,
				61337EB622B0217700A34C77 /* SurfaceNode.swift */,
				61EC9E9E22AD7C6200EF40D5 /* PlaneRectangle.swift */,
				613B542C22AC0CEC00177176 /* RectangleNode.swift */,
				613491A122401E0500D4BF57 /* Main.storyboard */,
				613491A422401E0900D4BF57 /* Assets.xcassets */,
				613491A622401E0900D4BF57 /* LaunchScreen.storyboard */,
				613491A922401E0900D4BF57 /* Info.plist */,
				613491AF22401FC700D4BF57 /* CGImagePropertyOrientation.swift */,
			);
			path = KDSudoku;
			sourceTree = "<group>";
		};
		613B543022AC0DB000177176 /* Extensions + Utilities */ = {
			isa = PBXGroup;
			children = (
				613B543722AC0E0D00177176 /* ARHitTestResult+Extensions.swift */,
				613B543222AC0DE000177176 /* Collection+Extensions.swift */,
				613B543322AC0DE000177176 /* SCNVector3+Extensions.swift */,
				613B543122AC0DE000177176 /* UIView+Extensions.swift */,
			);
			path = "Extensions + Utilities";
			sourceTree = "<group>";
		};
/* End PBXGroup section */

/* Begin PBXNativeTarget section */
		6134919922401E0500D4BF57 /* KDSudoku */ = {
			isa = PBXNativeTarget;
			buildConfigurationList = 613491AC22401E0900D4BF57 /* Build configuration list for PBXNativeTarget "KDSudoku" */;
			buildPhases = (
				6134919622401E0500D4BF57 /* Sources */,
				6134919722401E0500D4BF57 /* Frameworks */,
				6134919822401E0500D4BF57 /* Resources */,
			);
			buildRules = (
			);
			dependencies = (
			);
			name = KDSudoku;
			productName = KDSudoku;
			productReference = 6134919A22401E0500D4BF57 /* KDSudoku.app */;
			productType = "com.apple.product-type.application";
		};
/* End PBXNativeTarget section */

/* Begin PBXProject section */
		6134919222401E0500D4BF57 /* Project object */ = {
			isa = PBXProject;
			attributes = {
				LastSwiftUpdateCheck = 1010;
				LastUpgradeCheck = 1010;
				ORGANIZATIONNAME = "Klaus Dresbach";
				TargetAttributes = {
					6134919922401E0500D4BF57 = {
						CreatedOnToolsVersion = 10.1;
						LastSwiftMigration = 1020;
					};
				};
			};
			buildConfigurationList = 6134919522401E0500D4BF57 /* Build configuration list for PBXProject "KDSudoku" */;
			compatibilityVersion = "Xcode 9.3";
			developmentRegion = en;
			hasScannedForEncodings = 0;
			knownRegions = (
				en,
				Base,
			);
			mainGroup = 6134919122401E0500D4BF57;
			productRefGroup = 6134919B22401E0500D4BF57 /* Products */;
			projectDirPath = "";
			projectRoot = "";
			targets = (
				6134919922401E0500D4BF57 /* KDSudoku */,
			);
		};
/* End PBXProject section */

/* Begin PBXResourcesBuildPhase section */
		6134919822401E0500D4BF57 /* Resources */ = {
			isa = PBXResourcesBuildPhase;
			buildActionMask = 2147483647;
			files = (
				613491A822401E0900D4BF57 /* LaunchScreen.storyboard in Resources */,
				613491A522401E0900D4BF57 /* Assets.xcassets in Resources */,
				613491A322401E0500D4BF57 /* Main.storyboard in Resources */,
			);
			runOnlyForDeploymentPostprocessing = 0;
		};
/* End PBXResourcesBuildPhase section */

/* Begin PBXSourcesBuildPhase section */
		6134919622401E0500D4BF57 /* Sources */ = {
			isa = PBXSourcesBuildPhase;
			buildActionMask = 2147483647;
			files = (
				61BF945322E78F2300EE634E /* CcLabel.swift in Sources */,
				613B543422AC0DE000177176 /* UIView+Extensions.swift in Sources */,
				613B543622AC0DE000177176 /* SCNVector3+Extensions.swift in Sources */,
				61337EB722B0217700A34C77 /* SurfaceNode.swift in Sources */,
				613491A022401E0500D4BF57 /* ViewController.swift in Sources */,
				612D8D2222E39F6800F419AF /* MNISTClassifier.mlmodel in Sources */,
				613491B022401FC700D4BF57 /* CGImagePropertyOrientation.swift in Sources */,
				61EC9E9F22AD7C6200EF40D5 /* PlaneRectangle.swift in Sources */,
				613B543822AC0E0D00177176 /* ARHitTestResult+Extensions.swift in Sources */,
				613B542D22AC0CEC00177176 /* RectangleNode.swift in Sources */,
				613B543522AC0DE000177176 /* Collection+Extensions.swift in Sources */,
				6197FD1222DE5B7C00672072 /* keras_mnist_cnn.mlmodel in Sources */,
				6134919E22401E0500D4BF57 /* AppDelegate.swift in Sources */,
				613491B2224021D800D4BF57 /* numbers.mlmodel in Sources */,
			);
			runOnlyForDeploymentPostprocessing = 0;
		};
/* End PBXSourcesBuildPhase section */

/* Begin PBXVariantGroup section */
		613491A122401E0500D4BF57 /* Main.storyboard */ = {
			isa = PBXVariantGroup;
			children = (
				613491A222401E0500D4BF57 /* Base */,
			);
			name = Main.storyboard;
			sourceTree = "<group>";
		};
		613491A622401E0900D4BF57 /* LaunchScreen.storyboard */ = {
			isa = PBXVariantGroup;
			children = (
				613491A722401E0900D4BF57 /* Base */,
			);
			name = LaunchScreen.storyboard;
			sourceTree = "<group>";
		};
/* End PBXVariantGroup section */

/* Begin XCBuildConfiguration section */
		613491AA22401E0900D4BF57 /* Debug */ = {
			isa = XCBuildConfiguration;
			buildSettings = {
				ALWAYS_SEARCH_USER_PATHS = NO;
				CLANG_ANALYZER_NONNULL = YES;
				CLANG_ANALYZER_NUMBER_OBJECT_CONVERSION = YES_AGGRESSIVE;
				CLANG_CXX_LANGUAGE_STANDARD = "gnu++14";
				CLANG_CXX_LIBRARY = "libc++";
				CLANG_ENABLE_MODULES = YES;
				CLANG_ENABLE_OBJC_ARC = YES;
				CLANG_ENABLE_OBJC_WEAK = YES;
				CLANG_WARN_BLOCK_CAPTURE_AUTORELEASING = YES;
				CLANG_WARN_BOOL_CONVERSION = YES;
				CLANG_WARN_COMMA = YES;
				CLANG_WARN_CONSTANT_CONVERSION = YES;
				CLANG_WARN_DEPRECATED_OBJC_IMPLEMENTATIONS = YES;
				CLANG_WARN_DIRECT_OBJC_ISA_USAGE = YES_ERROR;
				CLANG_WARN_DOCUMENTATION_COMMENTS = YES;
				CLANG_WARN_EMPTY_BODY = YES;
				CLANG_WARN_ENUM_CONVERSION = YES;
				CLANG_WARN_INFINITE_RECURSION = YES;
				CLANG_WARN_INT_CONVERSION = YES;
				CLANG_WARN_NON_LITERAL_NULL_CONVERSION = YES;
				CLANG_WARN_OBJC_IMPLICIT_RETAIN_SELF = YES;
				CLANG_WARN_OBJC_LITERAL_CONVERSION = YES;
				CLANG_WARN_OBJC_ROOT_CLASS = YES_ERROR;
				CLANG_WARN_RANGE_LOOP_ANALYSIS = YES;
				CLANG_WARN_STRICT_PROTOTYPES = YES;
				CLANG_WARN_SUSPICIOUS_MOVE = YES;
				CLANG_WARN_UNGUARDED_AVAILABILITY = YES_AGGRESSIVE;
				CLANG_WARN_UNREACHABLE_CODE = YES;
				CLANG_WARN__DUPLICATE_METHOD_MATCH = YES;
				CODE_SIGN_IDENTITY = "iPhone Developer";
				COPY_PHASE_STRIP = NO;
				DEBUG_INFORMATION_FORMAT = dwarf;
				ENABLE_STRICT_OBJC_MSGSEND = YES;
				ENABLE_TESTABILITY = YES;
				GCC_C_LANGUAGE_STANDARD = gnu11;
				GCC_DYNAMIC_NO_PIC = NO;
				GCC_NO_COMMON_BLOCKS = YES;
				GCC_OPTIMIZATION_LEVEL = 0;
				GCC_PREPROCESSOR_DEFINITIONS = (
					"DEBUG=1",
					"$(inherited)",
				);
				GCC_WARN_64_TO_32_BIT_CONVERSION = YES;
				GCC_WARN_ABOUT_RETURN_TYPE = YES_ERROR;
				GCC_WARN_UNDECLARED_SELECTOR = YES;
				GCC_WARN_UNINITIALIZED_AUTOS = YES_AGGRESSIVE;
				GCC_WARN_UNUSED_FUNCTION = YES;
				GCC_WARN_UNUSED_VARIABLE = YES;
				IPHONEOS_DEPLOYMENT_TARGET = 12.1;
				MTL_ENABLE_DEBUG_INFO = INCLUDE_SOURCE;
				MTL_FAST_MATH = YES;
				ONLY_ACTIVE_ARCH = YES;
				SDKROOT = iphoneos;
				SWIFT_ACTIVE_COMPILATION_CONDITIONS = DEBUG;
				SWIFT_OPTIMIZATION_LEVEL = "-Onone";
			};
			name = Debug;
		};
		613491AB22401E0900D4BF57 /* Release */ = {
			isa = XCBuildConfiguration;
			buildSettings = {
				ALWAYS_SEARCH_USER_PATHS = NO;
				CLANG_ANALYZER_NONNULL = YES;
				CLANG_ANALYZER_NUMBER_OBJECT_CONVERSION = YES_AGGRESSIVE;
				CLANG_CXX_LANGUAGE_STANDARD = "gnu++14";
				CLANG_CXX_LIBRARY = "libc++";
				CLANG_ENABLE_MODULES = YES;
				CLANG_ENABLE_OBJC_ARC = YES;
				CLANG_ENABLE_OBJC_WEAK = YES;
				CLANG_WARN_BLOCK_CAPTURE_AUTORELEASING = YES;
				CLANG_WARN_BOOL_CONVERSION = YES;
				CLANG_WARN_COMMA = YES;
				CLANG_WARN_CONSTANT_CONVERSION = YES;
				CLANG_WARN_DEPRECATED_OBJC_IMPLEMENTATIONS = YES;
				CLANG_WARN_DIRECT_OBJC_ISA_USAGE = YES_ERROR;
				CLANG_WARN_DOCUMENTATION_COMMENTS = YES;
				CLANG_WARN_EMPTY_BODY = YES;
				CLANG_WARN_ENUM_CONVERSION = YES;
				CLANG_WARN_INFINITE_RECURSION = YES;
				CLANG_WARN_INT_CONVERSION = YES;
				CLANG_WARN_NON_LITERAL_NULL_CONVERSION = YES;
				CLANG_WARN_OBJC_IMPLICIT_RETAIN_SELF = YES;
				CLANG_WARN_OBJC_LITERAL_CONVERSION = YES;
				CLANG_WARN_OBJC_ROOT_CLASS = YES_ERROR;
				CLANG_WARN_RANGE_LOOP_ANALYSIS = YES;
				CLANG_WARN_STRICT_PROTOTYPES = YES;
				CLANG_WARN_SUSPICIOUS_MOVE = YES;
				CLANG_WARN_UNGUARDED_AVAILABILITY = YES_AGGRESSIVE;
				CLANG_WARN_UNREACHABLE_CODE = YES;
				CLANG_WARN__DUPLICATE_METHOD_MATCH = YES;
				CODE_SIGN_IDENTITY = "iPhone Developer";
				COPY_PHASE_STRIP = NO;
				DEBUG_INFORMATION_FORMAT = "dwarf-with-dsym";
				ENABLE_NS_ASSERTIONS = NO;
				ENABLE_STRICT_OBJC_MSGSEND = YES;
				GCC_C_LANGUAGE_STANDARD = gnu11;
				GCC_NO_COMMON_BLOCKS = YES;
				GCC_WARN_64_TO_32_BIT_CONVERSION = YES;
				GCC_WARN_ABOUT_RETURN_TYPE = YES_ERROR;
				GCC_WARN_UNDECLARED_SELECTOR = YES;
				GCC_WARN_UNINITIALIZED_AUTOS = YES_AGGRESSIVE;
				GCC_WARN_UNUSED_FUNCTION = YES;
				GCC_WARN_UNUSED_VARIABLE = YES;
				IPHONEOS_DEPLOYMENT_TARGET = 12.1;
				MTL_ENABLE_DEBUG_INFO = NO;
				MTL_FAST_MATH = YES;
				SDKROOT = iphoneos;
				SWIFT_COMPILATION_MODE = wholemodule;
				SWIFT_OPTIMIZATION_LEVEL = "-O";
				VALIDATE_PRODUCT = YES;
			};
			name = Release;
		};
		613491AD22401E0900D4BF57 /* Debug */ = {
			isa = XCBuildConfiguration;
			buildSettings = {
				ASSETCATALOG_COMPILER_APPICON_NAME = AppIcon;
				CODE_SIGN_STYLE = Automatic;
				DEVELOPMENT_TEAM = SE278LZ699;
				INFOPLIST_FILE = KDSudoku/Info.plist;
				LD_RUNPATH_SEARCH_PATHS = (
					"$(inherited)",
					"@executable_path/Frameworks",
				);
				PRODUCT_BUNDLE_IDENTIFIER = de.klausdresbach.KDSudoku;
				PRODUCT_NAME = "$(TARGET_NAME)";
				SWIFT_VERSION = 5.0;
				TARGETED_DEVICE_FAMILY = "1,2";
			};
			name = Debug;
		};
		613491AE22401E0900D4BF57 /* Release */ = {
			isa = XCBuildConfiguration;
			buildSettings = {
				ASSETCATALOG_COMPILER_APPICON_NAME = AppIcon;
				CODE_SIGN_STYLE = Automatic;
				DEVELOPMENT_TEAM = SE278LZ699;
				INFOPLIST_FILE = KDSudoku/Info.plist;
				LD_RUNPATH_SEARCH_PATHS = (
					"$(inherited)",
					"@executable_path/Frameworks",
				);
				PRODUCT_BUNDLE_IDENTIFIER = de.klausdresbach.KDSudoku;
				PRODUCT_NAME = "$(TARGET_NAME)";
				SWIFT_VERSION = 5.0;
				TARGETED_DEVICE_FAMILY = "1,2";
			};
			name = Release;
		};
/* End XCBuildConfiguration section */

/* Begin XCConfigurationList section */
		6134919522401E0500D4BF57 /* Build configuration list for PBXProject "KDSudoku" */ = {
			isa = XCConfigurationList;
			buildConfigurations = (
				613491AA22401E0900D4BF57 /* Debug */,
				613491AB22401E0900D4BF57 /* Release */,
			);
			defaultConfigurationIsVisible = 0;
			defaultConfigurationName = Release;
		};
		613491AC22401E0900D4BF57 /* Build configuration list for PBXNativeTarget "KDSudoku" */ = {
			isa = XCConfigurationList;
			buildConfigurations = (
				613491AD22401E0900D4BF57 /* Debug */,
				613491AE22401E0900D4BF57 /* Release */,
			);
			defaultConfigurationIsVisible = 0;
			defaultConfigurationName = Release;
		};
/* End XCConfigurationList section */
	};
	rootObject = 6134919222401E0500D4BF57 /* Project object */;
}
